// !$*UTF8*$!
{
	archiveVersion = 1;
	classes = {
	};
	objectVersion = 77;
	objects = {

/* Begin PBXBuildFile section */
		04A4B8EE6A9E17E43410ECDC /* AudioCapture.swift in Sources */ = {isa = PBXBuildFile; fileRef = 1DE479255B3DDF52CB631916 /* AudioCapture.swift */; };
		08E097BC16B8F13DD54DB8FF /* OnboardingWindowController.swift in Sources */ = {isa = PBXBuildFile; fileRef = 4F4A106D1A302C8BD2F46213 /* OnboardingWindowController.swift */; };
		09728523C8C944517E0DADBC /* SettingsView.swift in Sources */ = {isa = PBXBuildFile; fileRef = 50430B6D9DD0A441AB071280 /* SettingsView.swift */; };
		0C8E29BC5E391368ED2AA60E /* ActivationKeyMonitorTests.swift in Sources */ = {isa = PBXBuildFile; fileRef = 14BC63DADD871F4DF9302081 /* ActivationKeyMonitorTests.swift */; };
		0D6897EE67FFCDF301CFC7C7 /* SettingsWindowController.swift in Sources */ = {isa = PBXBuildFile; fileRef = 93342824A94E4C7C5819F577 /* SettingsWindowController.swift */; };
		10B0022E67DCC9C546F62927 /* HistoryView.swift in Sources */ = {isa = PBXBuildFile; fileRef = 47684C610847BC47C88AF60E /* HistoryView.swift */; };
		14DE47343A59ABCCF28ADA53 /* NormalizationPipeline.swift in Sources */ = {isa = PBXBuildFile; fileRef = C4CDCA9EBA069917D92F6F87 /* NormalizationPipeline.swift */; };
		157A11B2D8A737A1AC1D8788 /* SettingsTheme.swift in Sources */ = {isa = PBXBuildFile; fileRef = C663D82CA0B022162A4ECDF3 /* SettingsTheme.swift */; };
		15D01FE3B2F052C4DC418202 /* NumberNormalizerTests.swift in Sources */ = {isa = PBXBuildFile; fileRef = 5F7496CFDD5C640E246C5590 /* NumberNormalizerTests.swift */; };
		1E1FD6A2A99EFCB82A38BFB0 /* RecreateMonitorTests.swift in Sources */ = {isa = PBXBuildFile; fileRef = 8F67F121D59B2796FF982947 /* RecreateMonitorTests.swift */; };
		1FDB718921A55566BB7BBDCD /* SystemSoundPlayer.swift in Sources */ = {isa = PBXBuildFile; fileRef = 2AFD05A1075389C37AF5300C /* SystemSoundPlayer.swift */; };
		20BB242A09BBD3EB31B58E6C /* LLMRuntimeManager.swift in Sources */ = {isa = PBXBuildFile; fileRef = FA2A2E96A4B9712F25623F73 /* LLMRuntimeManager.swift */; };
		21012316C8692E8A451DD1F5 /* ModelManagerTests.swift in Sources */ = {isa = PBXBuildFile; fileRef = CB2F6608A6960547A380E24C /* ModelManagerTests.swift */; };
		2230B4B936B91F65AAD72B13 /* ToggleRecoveryTests.swift in Sources */ = {isa = PBXBuildFile; fileRef = 07315ED04AA583753A76F33A /* ToggleRecoveryTests.swift */; };
		23D1C6303909695FC0D6B022 /* recording_finished.aiff in Resources */ = {isa = PBXBuildFile; fileRef = 150AF99CB7832D4F49B70FC1 /* recording_finished.aiff */; };
		2501576E415EFEA5B9398464 /* OnboardingView.swift in Sources */ = {isa = PBXBuildFile; fileRef = 20CEC58BDC2D109BD603B2B3 /* OnboardingView.swift */; };
		2A9054F9749C9B7FC0DCE40C /* ASRWorkerManager.swift in Sources */ = {isa = PBXBuildFile; fileRef = C90438E642C9DB17B9E93C5E /* ASRWorkerManager.swift */; };
		2C4C386566D4D9BE2CA2A4F6 /* RecordingModeTests.swift in Sources */ = {isa = PBXBuildFile; fileRef = 5343CEF90102BB3B8D7604CE /* RecordingModeTests.swift */; };
		2D09D416CED67DB3C4C0CCE3 /* LLMRuntimeManagerTests.swift in Sources */ = {isa = PBXBuildFile; fileRef = 1AA155B90A01C4320FA056EB /* LLMRuntimeManagerTests.swift */; };
		329C781B200C00AA4F666DB3 /* ActivationKeyMonitor.swift in Sources */ = {isa = PBXBuildFile; fileRef = 6BA4563898BC6D7ADB090F37 /* ActivationKeyMonitor.swift */; };
		3DCE5E466C8F40CE1707F843 /* STTClient.swift in Sources */ = {isa = PBXBuildFile; fileRef = 47F8F0738B63212E47D3BAF6 /* STTClient.swift */; };
		3F444BD6693742BD5C5AB130 /* SoundManager.swift in Sources */ = {isa = PBXBuildFile; fileRef = CB90841FFAE7E688A03225F4 /* SoundManager.swift */; };
		40A6939C30752A2BF97B8377 /* ActivationKeyTests.swift in Sources */ = {isa = PBXBuildFile; fileRef = 483F2A271357C95277A16408 /* ActivationKeyTests.swift */; };
		4484F8DADE0BC0A0BADA93EA /* HistoryItem.swift in Sources */ = {isa = PBXBuildFile; fileRef = 1158BAB69D8698008A75A59D /* HistoryItem.swift */; };
		450232D47F3A0A4838F2674D /* MetricsAggregatorTests.swift in Sources */ = {isa = PBXBuildFile; fileRef = B01CB9DB91032D9EABDDEACA /* MetricsAggregatorTests.swift */; };
		487DA989DB48ED3F62A9F112 /* AppState.swift in Sources */ = {isa = PBXBuildFile; fileRef = 38F559BD4FEE533941FAA772 /* AppState.swift */; };
		49A6900A2D5E8FA1F0CEAF0E /* ErrorClassifierTests.swift in Sources */ = {isa = PBXBuildFile; fileRef = B6D2C91923A9C48C03C93C2F /* ErrorClassifierTests.swift */; };
		4E68AB7F65A30F08CB5E27AC /* AnalyticsEvent.swift in Sources */ = {isa = PBXBuildFile; fileRef = 660D23FACE18F80A55D3C82A /* AnalyticsEvent.swift */; };
		53115ABB63B56EFA9F776C3B /* PostInsertionMonitorTests.swift in Sources */ = {isa = PBXBuildFile; fileRef = 7573C6B8472D8D18193083BF /* PostInsertionMonitorTests.swift */; };
		540FAF0422C64BDFB0A042E9 /* LocalLLMClientTests.swift in Sources */ = {isa = PBXBuildFile; fileRef = 90B5AACB6D688C8440AACCF6 /* LocalLLMClientTests.swift */; };
		568D13772476EB57BE4FC33F /* KeyRecorderTests.swift in Sources */ = {isa = PBXBuildFile; fileRef = 21F85CB2E2580631F62D15B7 /* KeyRecorderTests.swift */; };
		573B4D83504F8BB5DAE4363A /* BottomBarWindow.swift in Sources */ = {isa = PBXBuildFile; fileRef = 9F8464ACCC00B1211D9952C0 /* BottomBarWindow.swift */; };
		57F0B5DDDD828348472B5AB2 /* SettingsStore.swift in Sources */ = {isa = PBXBuildFile; fileRef = 1514760D48D91E336AB5C92D /* SettingsStore.swift */; };
		5BC8701610CF4DC796C4B2C2 /* GovorunApp.swift in Sources */ = {isa = PBXBuildFile; fileRef = F97D327A570B838D45E53C2F /* GovorunApp.swift */; };
		60A040F10BB9F91E0A68DF02 /* AppContextEngine.swift in Sources */ = {isa = PBXBuildFile; fileRef = 198FB57335E38894C0501163 /* AppContextEngine.swift */; };
		6347B82A3D8E5CC554193CF2 /* BottomBarTests.swift in Sources */ = {isa = PBXBuildFile; fileRef = 1D697E8CF215D44A451EEB1C /* BottomBarTests.swift */; };
		67B89E95FEE2B417559E219B /* SnippetReinserterTests.swift in Sources */ = {isa = PBXBuildFile; fileRef = 14EC150EF61D8B4224B7760B /* SnippetReinserterTests.swift */; };
		69953F146BDDE5F036CA8F59 /* DictionaryStoreTests.swift in Sources */ = {isa = PBXBuildFile; fileRef = A9F7D20519E75AF7559513E5 /* DictionaryStoreTests.swift */; };
		6BC02699730346A87043C145 /* BottomBarView.swift in Sources */ = {isa = PBXBuildFile; fileRef = 1769F9A018C01A91A8D0DB7E /* BottomBarView.swift */; };
		6BD3AF237A0777B7893D5151 /* MetricsAggregator.swift in Sources */ = {isa = PBXBuildFile; fileRef = EB727785EEBCB26D65D97D55 /* MetricsAggregator.swift */; };
		6EFFA631DA5B67884424EC63 /* AnalyticsService.swift in Sources */ = {isa = PBXBuildFile; fileRef = BE9F32511E551D266CFDF3F7 /* AnalyticsService.swift */; };
		70E53D1B1F395EC7C8DD1D24 /* AnalyticsServiceTests.swift in Sources */ = {isa = PBXBuildFile; fileRef = 1B3656D7EDE359C05C932457 /* AnalyticsServiceTests.swift */; };
		73E9F0BACB4F6CA9F6032704 /* NSWorkspaceProvider.swift in Sources */ = {isa = PBXBuildFile; fileRef = 3CAC5453AAC19CF9D41E3345 /* NSWorkspaceProvider.swift */; };
		74563C10626B4CD8615D33E7 /* TextInserter.swift in Sources */ = {isa = PBXBuildFile; fileRef = AA98C22FFB16595EC0B8CDF5 /* TextInserter.swift */; };
		7734D3D574685AE387FFB483 /* LocalSTTClient.swift in Sources */ = {isa = PBXBuildFile; fileRef = C59DE7257F806F9E09A929C0 /* LocalSTTClient.swift */; };
		78E90DAF70F0EF262C29F5D2 /* Assets.xcassets in Resources */ = {isa = PBXBuildFile; fileRef = 0EA5982DCC8B312490AE5A2F /* Assets.xcassets */; };
		7CB490EFC976063DAA19778B /* ASRWorkerManagerTests.swift in Sources */ = {isa = PBXBuildFile; fileRef = 984F69205A188CADA1507824 /* ASRWorkerManagerTests.swift */; };
		83FEEE77656B23F564016A71 /* ErrorClassifier.swift in Sources */ = {isa = PBXBuildFile; fileRef = 76A73B6E246DDA1BE722F64C /* ErrorClassifier.swift */; };
		85E3D5B4B248B068EF02B025 /* NetworkMonitor.swift in Sources */ = {isa = PBXBuildFile; fileRef = CD3BCD3255FD1F71FCA3712D /* NetworkMonitor.swift */; };
		8A72778E769623F24747047F /* ModelManager.swift in Sources */ = {isa = PBXBuildFile; fileRef = 5E6D4ED123A08851E06D2D5D /* ModelManager.swift */; };
		8D6B55B397A319757853D4BC /* SnippetEngine.swift in Sources */ = {isa = PBXBuildFile; fileRef = FC5C8D4458CEE7320FA4E927 /* SnippetEngine.swift */; };
		8EBA361DC34ACBA17A737091 /* Snippet.swift in Sources */ = {isa = PBXBuildFile; fileRef = B9C1D6A76F016B9FB7B36935 /* Snippet.swift */; };
		8F1B93B45D12D0AEF339BDB6 /* PostInsertionProviders.swift in Sources */ = {isa = PBXBuildFile; fileRef = 27A8CE6CEEE393DB1B285273 /* PostInsertionProviders.swift */; };
		91721B57610A7D52B3B9DDD1 /* NormalizationGateTests.swift in Sources */ = {isa = PBXBuildFile; fileRef = 9FCF0D5497E4FF297C0EDAA7 /* NormalizationGateTests.swift */; };
		9636ABC23577A6FE901E4E12 /* NormalizationPipelineTests.swift in Sources */ = {isa = PBXBuildFile; fileRef = 8CB577C4AAD81289814C2CA6 /* NormalizationPipelineTests.swift */; };
		97F580D6CA61AC67DA9BA975 /* TextInserterTests.swift in Sources */ = {isa = PBXBuildFile; fileRef = 2CD55EC0D90E39D14564EEA1 /* TextInserterTests.swift */; };
		98DB996040D1E91158E31ADB /* GovorunTests.swift in Sources */ = {isa = PBXBuildFile; fileRef = 520999CA027A9B517E78049F /* GovorunTests.swift */; };
		9AC2C85AE12704C8DD7204E7 /* HistoryStore.swift in Sources */ = {isa = PBXBuildFile; fileRef = FB9E75E47CE0306274578811 /* HistoryStore.swift */; };
		A975BC7E1B494C362C92C5B6 /* SessionManager.swift in Sources */ = {isa = PBXBuildFile; fileRef = B4D1017293B730D9D1C9F495 /* SessionManager.swift */; };
		ACB1EA981ADCDA756D6DEF31 /* AppContextEngineTests.swift in Sources */ = {isa = PBXBuildFile; fileRef = 655F0EF01C2FB9F10986606E /* AppContextEngineTests.swift */; };
		AE25387F72A1EB6957F05C3E /* LocalSTTClientTests.swift in Sources */ = {isa = PBXBuildFile; fileRef = 878B2E8058F5C95D62643612 /* LocalSTTClientTests.swift */; };
		B3CDAFC3605703FF0EE9963A /* ActivationKey.swift in Sources */ = {isa = PBXBuildFile; fileRef = 8A46918EA766325EBB622716 /* ActivationKey.swift */; };
		B5584ECAF32F16B3F9FB9621 /* recording_started.aiff in Resources */ = {isa = PBXBuildFile; fileRef = 148054325828C9A63DFBF796 /* recording_started.aiff */; };
		B78FCC92DE61D7BEE9B4C57E /* StatusBarController.swift in Sources */ = {isa = PBXBuildFile; fileRef = 79A0A917EFD70238AEEAC3B4 /* StatusBarController.swift */; };
		B96C60D9DEA6209384FB98BB /* ErrorMessages.swift in Sources */ = {isa = PBXBuildFile; fileRef = 634A6B60896D5BBAD1DDAD92 /* ErrorMessages.swift */; };
		BAF85F53E20D6993EFA3CD37 /* PostInsertionMonitor.swift in Sources */ = {isa = PBXBuildFile; fileRef = AD57F2CAF152D7085C5A219B /* PostInsertionMonitor.swift */; };
		C1068CAB0C6945A7CECC4D55 /* AXTextInserter.swift in Sources */ = {isa = PBXBuildFile; fileRef = 1C0ED1AA83B74290A6FA5747 /* AXTextInserter.swift */; };
		C76BDED141A6960DBB1AEE14 /* AudioHistoryStorage.swift in Sources */ = {isa = PBXBuildFile; fileRef = 84270394D16DBB31B135A577 /* AudioHistoryStorage.swift */; };
		C79E736BB6EBA4081601A10D /* RecordingMode.swift in Sources */ = {isa = PBXBuildFile; fileRef = 17C1A1802EC7C6315CD3D81E /* RecordingMode.swift */; };
		CA19E0C16938C116846CB6B9 /* DictionaryView.swift in Sources */ = {isa = PBXBuildFile; fileRef = 35C1F7285CD1914934621B20 /* DictionaryView.swift */; };
		CDB844CDC021072C6CBD73FA /* AudioCaptureTests.swift in Sources */ = {isa = PBXBuildFile; fileRef = 672916E0D31E2F8955EBE517 /* AudioCaptureTests.swift */; };
		D3D4942854CA2AAF272F3C83 /* SnippetEngineTests.swift in Sources */ = {isa = PBXBuildFile; fileRef = 6582CA06D85D4BA61305A6C9 /* SnippetEngineTests.swift */; };
		D3EF2288FC13A8C2E8FC2F38 /* AppModeSettingsView.swift in Sources */ = {isa = PBXBuildFile; fileRef = E64E11D4EC2F364A550FA908 /* AppModeSettingsView.swift */; };
		D47EB1C2313AC82E09B90097 /* error.aiff in Resources */ = {isa = PBXBuildFile; fileRef = 1A742A82EFD665A655F4FED4 /* error.aiff */; };
		D4926A5FB7B316111F3EBAAD /* DictionaryStore.swift in Sources */ = {isa = PBXBuildFile; fileRef = 0E92DD6DD2BE366471D422EE /* DictionaryStore.swift */; };
		D4B2B7D904A7EA8A576F3C84 /* SessionManagerTests.swift in Sources */ = {isa = PBXBuildFile; fileRef = B68748E9E0E3719D440D0112 /* SessionManagerTests.swift */; };
		D90DDD1FE3F19250E9F9F828 /* SnippetStore.swift in Sources */ = {isa = PBXBuildFile; fileRef = 1ACDDD81302F5A46531C5BD4 /* SnippetStore.swift */; };
		DAE1AF4419C5BCB53B1CAE83 /* NormalizationGate.swift in Sources */ = {isa = PBXBuildFile; fileRef = 2E2695EC730AB72F2B7BFB44 /* NormalizationGate.swift */; };
		DEB0A853BAFC21E0ED56AD34 /* IntegrationTests.swift in Sources */ = {isa = PBXBuildFile; fileRef = CB81CB40CF9064760691C6C7 /* IntegrationTests.swift */; };
		E14D2B724A5FE8DD6A9B03D8 /* Sparkle in Frameworks */ = {isa = PBXBuildFile; productRef = 38AFBC1A8F95C876F9E8513D /* Sparkle */; };
		E2A97C83C0898298FF41D32F /* LLMClient.swift in Sources */ = {isa = PBXBuildFile; fileRef = BC90482DBAA525B239F62162 /* LLMClient.swift */; };
		E4ED1EDB43963426C3D473DE /* TestHelpers.swift in Sources */ = {isa = PBXBuildFile; fileRef = BBB2538D814837D958E44EEA /* TestHelpers.swift */; };
		E75FFE6660AF5EFDD00EA402 /* PolishTests.swift in Sources */ = {isa = PBXBuildFile; fileRef = 27DDC5AB9A47F49BE8F9975D /* PolishTests.swift */; };
		E7A614ACBCF2A4521F8C61C4 /* HistoryStoreTests.swift in Sources */ = {isa = PBXBuildFile; fileRef = 84A33FF37715682CBBDB4BCD /* HistoryStoreTests.swift */; };
		E7A7591ACED3A7A23EED0B3D /* DictionaryEntry.swift in Sources */ = {isa = PBXBuildFile; fileRef = 72433A58E521EA03EFA59F93 /* DictionaryEntry.swift */; };
		EAFCA49DF7A7F3DC6231F8FD /* NumberNormalizer.swift in Sources */ = {isa = PBXBuildFile; fileRef = DB050E6FFF7217B85AAEBEE7 /* NumberNormalizer.swift */; };
		ECA6004900E23FEE889FF818 /* SnippetListView.swift in Sources */ = {isa = PBXBuildFile; fileRef = 5E988A81074635153A409ADA /* SnippetListView.swift */; };
		EECC63EDC10CC90678F899DE /* TextMode.swift in Sources */ = {isa = PBXBuildFile; fileRef = 67E6ECD0CEBD7AC8C1D96F04 /* TextMode.swift */; };
		EF9D0F118C9BF5B4F9C9FCB1 /* PipelineEngineTests.swift in Sources */ = {isa = PBXBuildFile; fileRef = 3D3F66ED66F0E696CCCA5DD0 /* PipelineEngineTests.swift */; };
		F0CBFFF65957AC4E83447F7B /* AnalyticsEmitting.swift in Sources */ = {isa = PBXBuildFile; fileRef = 1DC7436290A2B2148B6328FD /* AnalyticsEmitting.swift */; };
		F3D567B0D9B4099B1B508B04 /* LocalLLMClient.swift in Sources */ = {isa = PBXBuildFile; fileRef = B0745E5BCB24ED07244850D1 /* LocalLLMClient.swift */; };
		F49CF8ECE220D2FAD5CB3B56 /* KeyRecorderView.swift in Sources */ = {isa = PBXBuildFile; fileRef = 1B06D37AD3899F3BF9EFDB26 /* KeyRecorderView.swift */; };
		F4FD8C06B71C3F07AD21D14A /* ColdStartUITests.swift in Sources */ = {isa = PBXBuildFile; fileRef = 5D16B76304E26060516D195C /* ColdStartUITests.swift */; };
		F6106810514A2917E708498D /* PipelineEngine.swift in Sources */ = {isa = PBXBuildFile; fileRef = AED17520D0D47BC3588CFB67 /* PipelineEngine.swift */; };
		F77394C25280DEDD8DC82C38 /* NSEventMonitoring.swift in Sources */ = {isa = PBXBuildFile; fileRef = E12F46919C44581608FF2754 /* NSEventMonitoring.swift */; };
		F9BF025DB6E845570FDE5DE4 /* UpdaterService.swift in Sources */ = {isa = PBXBuildFile; fileRef = CAB428568E8CB9EDBC903B98 /* UpdaterService.swift */; };
		FC0A9FD8679259CE7EA26939 /* SettingsStoreTests.swift in Sources */ = {isa = PBXBuildFile; fileRef = 82205E79E31BE890A24D4E94 /* SettingsStoreTests.swift */; };
/* End PBXBuildFile section */

/* Begin PBXContainerItemProxy section */
		B71BBEB62C0BAB02F23D8380 /* PBXContainerItemProxy */ = {
			isa = PBXContainerItemProxy;
			containerPortal = 6A63D15DFCB531D85C62DE71 /* Project object */;
			proxyType = 1;
			remoteGlobalIDString = 11D5677379F214B6D824AD8B;
			remoteInfo = Govorun;
		};
/* End PBXContainerItemProxy section */

/* Begin PBXFileReference section */
		07315ED04AA583753A76F33A /* ToggleRecoveryTests.swift */ = {isa = PBXFileReference; lastKnownFileType = sourcecode.swift; path = ToggleRecoveryTests.swift; sourceTree = "<group>"; };
		0E92DD6DD2BE366471D422EE /* DictionaryStore.swift */ = {isa = PBXFileReference; lastKnownFileType = sourcecode.swift; path = DictionaryStore.swift; sourceTree = "<group>"; };
		0EA5982DCC8B312490AE5A2F /* Assets.xcassets */ = {isa = PBXFileReference; lastKnownFileType = folder.assetcatalog; path = Assets.xcassets; sourceTree = "<group>"; };
		1158BAB69D8698008A75A59D /* HistoryItem.swift */ = {isa = PBXFileReference; lastKnownFileType = sourcecode.swift; path = HistoryItem.swift; sourceTree = "<group>"; };
		148054325828C9A63DFBF796 /* recording_started.aiff */ = {isa = PBXFileReference; lastKnownFileType = audio.aiff; path = recording_started.aiff; sourceTree = "<group>"; };
		14BC63DADD871F4DF9302081 /* ActivationKeyMonitorTests.swift */ = {isa = PBXFileReference; lastKnownFileType = sourcecode.swift; path = ActivationKeyMonitorTests.swift; sourceTree = "<group>"; };
		14EC150EF61D8B4224B7760B /* SnippetReinserterTests.swift */ = {isa = PBXFileReference; lastKnownFileType = sourcecode.swift; path = SnippetReinserterTests.swift; sourceTree = "<group>"; };
		150AF99CB7832D4F49B70FC1 /* recording_finished.aiff */ = {isa = PBXFileReference; lastKnownFileType = audio.aiff; path = recording_finished.aiff; sourceTree = "<group>"; };
		1514760D48D91E336AB5C92D /* SettingsStore.swift */ = {isa = PBXFileReference; lastKnownFileType = sourcecode.swift; path = SettingsStore.swift; sourceTree = "<group>"; };
		1589E3B3A7D6D9FE9EE42786 /* .gitkeep */ = {isa = PBXFileReference; path = .gitkeep; sourceTree = "<group>"; };
		1769F9A018C01A91A8D0DB7E /* BottomBarView.swift */ = {isa = PBXFileReference; lastKnownFileType = sourcecode.swift; path = BottomBarView.swift; sourceTree = "<group>"; };
		17C1A1802EC7C6315CD3D81E /* RecordingMode.swift */ = {isa = PBXFileReference; lastKnownFileType = sourcecode.swift; path = RecordingMode.swift; sourceTree = "<group>"; };
		198FB57335E38894C0501163 /* AppContextEngine.swift */ = {isa = PBXFileReference; lastKnownFileType = sourcecode.swift; path = AppContextEngine.swift; sourceTree = "<group>"; };
		1A742A82EFD665A655F4FED4 /* error.aiff */ = {isa = PBXFileReference; lastKnownFileType = audio.aiff; path = error.aiff; sourceTree = "<group>"; };
		1AA155B90A01C4320FA056EB /* LLMRuntimeManagerTests.swift */ = {isa = PBXFileReference; lastKnownFileType = sourcecode.swift; path = LLMRuntimeManagerTests.swift; sourceTree = "<group>"; };
		1ACDDD81302F5A46531C5BD4 /* SnippetStore.swift */ = {isa = PBXFileReference; lastKnownFileType = sourcecode.swift; path = SnippetStore.swift; sourceTree = "<group>"; };
		1B06D37AD3899F3BF9EFDB26 /* KeyRecorderView.swift */ = {isa = PBXFileReference; lastKnownFileType = sourcecode.swift; path = KeyRecorderView.swift; sourceTree = "<group>"; };
		1B3656D7EDE359C05C932457 /* AnalyticsServiceTests.swift */ = {isa = PBXFileReference; lastKnownFileType = sourcecode.swift; path = AnalyticsServiceTests.swift; sourceTree = "<group>"; };
		1C0ED1AA83B74290A6FA5747 /* AXTextInserter.swift */ = {isa = PBXFileReference; lastKnownFileType = sourcecode.swift; path = AXTextInserter.swift; sourceTree = "<group>"; };
		1D697E8CF215D44A451EEB1C /* BottomBarTests.swift */ = {isa = PBXFileReference; lastKnownFileType = sourcecode.swift; path = BottomBarTests.swift; sourceTree = "<group>"; };
		1DC7436290A2B2148B6328FD /* AnalyticsEmitting.swift */ = {isa = PBXFileReference; lastKnownFileType = sourcecode.swift; path = AnalyticsEmitting.swift; sourceTree = "<group>"; };
		1DE479255B3DDF52CB631916 /* AudioCapture.swift */ = {isa = PBXFileReference; lastKnownFileType = sourcecode.swift; path = AudioCapture.swift; sourceTree = "<group>"; };
		20CEC58BDC2D109BD603B2B3 /* OnboardingView.swift */ = {isa = PBXFileReference; lastKnownFileType = sourcecode.swift; path = OnboardingView.swift; sourceTree = "<group>"; };
		21F85CB2E2580631F62D15B7 /* KeyRecorderTests.swift */ = {isa = PBXFileReference; lastKnownFileType = sourcecode.swift; path = KeyRecorderTests.swift; sourceTree = "<group>"; };
		27A8CE6CEEE393DB1B285273 /* PostInsertionProviders.swift */ = {isa = PBXFileReference; lastKnownFileType = sourcecode.swift; path = PostInsertionProviders.swift; sourceTree = "<group>"; };
		27DDC5AB9A47F49BE8F9975D /* PolishTests.swift */ = {isa = PBXFileReference; lastKnownFileType = sourcecode.swift; path = PolishTests.swift; sourceTree = "<group>"; };
		2AFD05A1075389C37AF5300C /* SystemSoundPlayer.swift */ = {isa = PBXFileReference; lastKnownFileType = sourcecode.swift; path = SystemSoundPlayer.swift; sourceTree = "<group>"; };
		2CD55EC0D90E39D14564EEA1 /* TextInserterTests.swift */ = {isa = PBXFileReference; lastKnownFileType = sourcecode.swift; path = TextInserterTests.swift; sourceTree = "<group>"; };
		2E2695EC730AB72F2B7BFB44 /* NormalizationGate.swift */ = {isa = PBXFileReference; lastKnownFileType = sourcecode.swift; path = NormalizationGate.swift; sourceTree = "<group>"; };
		35C1F7285CD1914934621B20 /* DictionaryView.swift */ = {isa = PBXFileReference; lastKnownFileType = sourcecode.swift; path = DictionaryView.swift; sourceTree = "<group>"; };
		38F559BD4FEE533941FAA772 /* AppState.swift */ = {isa = PBXFileReference; lastKnownFileType = sourcecode.swift; path = AppState.swift; sourceTree = "<group>"; };
		3CAC5453AAC19CF9D41E3345 /* NSWorkspaceProvider.swift */ = {isa = PBXFileReference; lastKnownFileType = sourcecode.swift; path = NSWorkspaceProvider.swift; sourceTree = "<group>"; };
		3D3F66ED66F0E696CCCA5DD0 /* PipelineEngineTests.swift */ = {isa = PBXFileReference; lastKnownFileType = sourcecode.swift; path = PipelineEngineTests.swift; sourceTree = "<group>"; };
		47684C610847BC47C88AF60E /* HistoryView.swift */ = {isa = PBXFileReference; lastKnownFileType = sourcecode.swift; path = HistoryView.swift; sourceTree = "<group>"; };
		47F8F0738B63212E47D3BAF6 /* STTClient.swift */ = {isa = PBXFileReference; lastKnownFileType = sourcecode.swift; path = STTClient.swift; sourceTree = "<group>"; };
		483F2A271357C95277A16408 /* ActivationKeyTests.swift */ = {isa = PBXFileReference; lastKnownFileType = sourcecode.swift; path = ActivationKeyTests.swift; sourceTree = "<group>"; };
		4F4A106D1A302C8BD2F46213 /* OnboardingWindowController.swift */ = {isa = PBXFileReference; lastKnownFileType = sourcecode.swift; path = OnboardingWindowController.swift; sourceTree = "<group>"; };
		50430B6D9DD0A441AB071280 /* SettingsView.swift */ = {isa = PBXFileReference; lastKnownFileType = sourcecode.swift; path = SettingsView.swift; sourceTree = "<group>"; };
		520999CA027A9B517E78049F /* GovorunTests.swift */ = {isa = PBXFileReference; lastKnownFileType = sourcecode.swift; path = GovorunTests.swift; sourceTree = "<group>"; };
		5343CEF90102BB3B8D7604CE /* RecordingModeTests.swift */ = {isa = PBXFileReference; lastKnownFileType = sourcecode.swift; path = RecordingModeTests.swift; sourceTree = "<group>"; };
		5D16B76304E26060516D195C /* ColdStartUITests.swift */ = {isa = PBXFileReference; lastKnownFileType = sourcecode.swift; path = ColdStartUITests.swift; sourceTree = "<group>"; };
		5E6D4ED123A08851E06D2D5D /* ModelManager.swift */ = {isa = PBXFileReference; lastKnownFileType = sourcecode.swift; path = ModelManager.swift; sourceTree = "<group>"; };
		5E988A81074635153A409ADA /* SnippetListView.swift */ = {isa = PBXFileReference; lastKnownFileType = sourcecode.swift; path = SnippetListView.swift; sourceTree = "<group>"; };
		5F7496CFDD5C640E246C5590 /* NumberNormalizerTests.swift */ = {isa = PBXFileReference; lastKnownFileType = sourcecode.swift; path = NumberNormalizerTests.swift; sourceTree = "<group>"; };
		62948E1CC824F28BDB1F1057 /* .gitkeep */ = {isa = PBXFileReference; path = .gitkeep; sourceTree = "<group>"; };
		634A6B60896D5BBAD1DDAD92 /* ErrorMessages.swift */ = {isa = PBXFileReference; lastKnownFileType = sourcecode.swift; path = ErrorMessages.swift; sourceTree = "<group>"; };
		655F0EF01C2FB9F10986606E /* AppContextEngineTests.swift */ = {isa = PBXFileReference; lastKnownFileType = sourcecode.swift; path = AppContextEngineTests.swift; sourceTree = "<group>"; };
		6582CA06D85D4BA61305A6C9 /* SnippetEngineTests.swift */ = {isa = PBXFileReference; lastKnownFileType = sourcecode.swift; path = SnippetEngineTests.swift; sourceTree = "<group>"; };
		660D23FACE18F80A55D3C82A /* AnalyticsEvent.swift */ = {isa = PBXFileReference; lastKnownFileType = sourcecode.swift; path = AnalyticsEvent.swift; sourceTree = "<group>"; };
		672916E0D31E2F8955EBE517 /* AudioCaptureTests.swift */ = {isa = PBXFileReference; lastKnownFileType = sourcecode.swift; path = AudioCaptureTests.swift; sourceTree = "<group>"; };
		67E6ECD0CEBD7AC8C1D96F04 /* TextMode.swift */ = {isa = PBXFileReference; lastKnownFileType = sourcecode.swift; path = TextMode.swift; sourceTree = "<group>"; };
		6BA4563898BC6D7ADB090F37 /* ActivationKeyMonitor.swift */ = {isa = PBXFileReference; lastKnownFileType = sourcecode.swift; path = ActivationKeyMonitor.swift; sourceTree = "<group>"; };
		72433A58E521EA03EFA59F93 /* DictionaryEntry.swift */ = {isa = PBXFileReference; lastKnownFileType = sourcecode.swift; path = DictionaryEntry.swift; sourceTree = "<group>"; };
		7573C6B8472D8D18193083BF /* PostInsertionMonitorTests.swift */ = {isa = PBXFileReference; lastKnownFileType = sourcecode.swift; path = PostInsertionMonitorTests.swift; sourceTree = "<group>"; };
		76A73B6E246DDA1BE722F64C /* ErrorClassifier.swift */ = {isa = PBXFileReference; lastKnownFileType = sourcecode.swift; path = ErrorClassifier.swift; sourceTree = "<group>"; };
		79A0A917EFD70238AEEAC3B4 /* StatusBarController.swift */ = {isa = PBXFileReference; lastKnownFileType = sourcecode.swift; path = StatusBarController.swift; sourceTree = "<group>"; };
		7AB80997F17B558B7A54DF5D /* .gitkeep */ = {isa = PBXFileReference; path = .gitkeep; sourceTree = "<group>"; };
		82205E79E31BE890A24D4E94 /* SettingsStoreTests.swift */ = {isa = PBXFileReference; lastKnownFileType = sourcecode.swift; path = SettingsStoreTests.swift; sourceTree = "<group>"; };
		84270394D16DBB31B135A577 /* AudioHistoryStorage.swift */ = {isa = PBXFileReference; lastKnownFileType = sourcecode.swift; path = AudioHistoryStorage.swift; sourceTree = "<group>"; };
		848A0EBC35622A1CF953DFF5 /* GovorunTests.xctest */ = {isa = PBXFileReference; explicitFileType = wrapper.cfbundle; includeInIndex = 0; path = GovorunTests.xctest; sourceTree = BUILT_PRODUCTS_DIR; };
		84A33FF37715682CBBDB4BCD /* HistoryStoreTests.swift */ = {isa = PBXFileReference; lastKnownFileType = sourcecode.swift; path = HistoryStoreTests.swift; sourceTree = "<group>"; };
		878B2E8058F5C95D62643612 /* LocalSTTClientTests.swift */ = {isa = PBXFileReference; lastKnownFileType = sourcecode.swift; path = LocalSTTClientTests.swift; sourceTree = "<group>"; };
		8A46918EA766325EBB622716 /* ActivationKey.swift */ = {isa = PBXFileReference; lastKnownFileType = sourcecode.swift; path = ActivationKey.swift; sourceTree = "<group>"; };
		8CB577C4AAD81289814C2CA6 /* NormalizationPipelineTests.swift */ = {isa = PBXFileReference; lastKnownFileType = sourcecode.swift; path = NormalizationPipelineTests.swift; sourceTree = "<group>"; };
		8F67F121D59B2796FF982947 /* RecreateMonitorTests.swift */ = {isa = PBXFileReference; lastKnownFileType = sourcecode.swift; path = RecreateMonitorTests.swift; sourceTree = "<group>"; };
		90B5AACB6D688C8440AACCF6 /* LocalLLMClientTests.swift */ = {isa = PBXFileReference; lastKnownFileType = sourcecode.swift; path = LocalLLMClientTests.swift; sourceTree = "<group>"; };
		93342824A94E4C7C5819F577 /* SettingsWindowController.swift */ = {isa = PBXFileReference; lastKnownFileType = sourcecode.swift; path = SettingsWindowController.swift; sourceTree = "<group>"; };
		9498F3ACC80B6F8983267F40 /* .gitkeep */ = {isa = PBXFileReference; path = .gitkeep; sourceTree = "<group>"; };
		984F69205A188CADA1507824 /* ASRWorkerManagerTests.swift */ = {isa = PBXFileReference; lastKnownFileType = sourcecode.swift; path = ASRWorkerManagerTests.swift; sourceTree = "<group>"; };
		9BBD6E36B5D21F480F32BFF4 /* .gitkeep */ = {isa = PBXFileReference; path = .gitkeep; sourceTree = "<group>"; };
		9F8464ACCC00B1211D9952C0 /* BottomBarWindow.swift */ = {isa = PBXFileReference; lastKnownFileType = sourcecode.swift; path = BottomBarWindow.swift; sourceTree = "<group>"; };
		9FCF0D5497E4FF297C0EDAA7 /* NormalizationGateTests.swift */ = {isa = PBXFileReference; lastKnownFileType = sourcecode.swift; path = NormalizationGateTests.swift; sourceTree = "<group>"; };
		A9F7D20519E75AF7559513E5 /* DictionaryStoreTests.swift */ = {isa = PBXFileReference; lastKnownFileType = sourcecode.swift; path = DictionaryStoreTests.swift; sourceTree = "<group>"; };
		AA98C22FFB16595EC0B8CDF5 /* TextInserter.swift */ = {isa = PBXFileReference; lastKnownFileType = sourcecode.swift; path = TextInserter.swift; sourceTree = "<group>"; };
		AD57F2CAF152D7085C5A219B /* PostInsertionMonitor.swift */ = {isa = PBXFileReference; lastKnownFileType = sourcecode.swift; path = PostInsertionMonitor.swift; sourceTree = "<group>"; };
		AED17520D0D47BC3588CFB67 /* PipelineEngine.swift */ = {isa = PBXFileReference; lastKnownFileType = sourcecode.swift; path = PipelineEngine.swift; sourceTree = "<group>"; };
		B01CB9DB91032D9EABDDEACA /* MetricsAggregatorTests.swift */ = {isa = PBXFileReference; lastKnownFileType = sourcecode.swift; path = MetricsAggregatorTests.swift; sourceTree = "<group>"; };
		B0745E5BCB24ED07244850D1 /* LocalLLMClient.swift */ = {isa = PBXFileReference; lastKnownFileType = sourcecode.swift; path = LocalLLMClient.swift; sourceTree = "<group>"; };
		B4D1017293B730D9D1C9F495 /* SessionManager.swift */ = {isa = PBXFileReference; lastKnownFileType = sourcecode.swift; path = SessionManager.swift; sourceTree = "<group>"; };
		B68748E9E0E3719D440D0112 /* SessionManagerTests.swift */ = {isa = PBXFileReference; lastKnownFileType = sourcecode.swift; path = SessionManagerTests.swift; sourceTree = "<group>"; };
		B6D2C91923A9C48C03C93C2F /* ErrorClassifierTests.swift */ = {isa = PBXFileReference; lastKnownFileType = sourcecode.swift; path = ErrorClassifierTests.swift; sourceTree = "<group>"; };
		B9C1D6A76F016B9FB7B36935 /* Snippet.swift */ = {isa = PBXFileReference; lastKnownFileType = sourcecode.swift; path = Snippet.swift; sourceTree = "<group>"; };
		BBB2538D814837D958E44EEA /* TestHelpers.swift */ = {isa = PBXFileReference; lastKnownFileType = sourcecode.swift; path = TestHelpers.swift; sourceTree = "<group>"; };
		BC90482DBAA525B239F62162 /* LLMClient.swift */ = {isa = PBXFileReference; lastKnownFileType = sourcecode.swift; path = LLMClient.swift; sourceTree = "<group>"; };
		BE9F32511E551D266CFDF3F7 /* AnalyticsService.swift */ = {isa = PBXFileReference; lastKnownFileType = sourcecode.swift; path = AnalyticsService.swift; sourceTree = "<group>"; };
		C11755056C78DA9A3DE181C0 /* .gitkeep */ = {isa = PBXFileReference; path = .gitkeep; sourceTree = "<group>"; };
		C4CDCA9EBA069917D92F6F87 /* NormalizationPipeline.swift */ = {isa = PBXFileReference; lastKnownFileType = sourcecode.swift; path = NormalizationPipeline.swift; sourceTree = "<group>"; };
		C59DE7257F806F9E09A929C0 /* LocalSTTClient.swift */ = {isa = PBXFileReference; lastKnownFileType = sourcecode.swift; path = LocalSTTClient.swift; sourceTree = "<group>"; };
		C663D82CA0B022162A4ECDF3 /* SettingsTheme.swift */ = {isa = PBXFileReference; lastKnownFileType = sourcecode.swift; path = SettingsTheme.swift; sourceTree = "<group>"; };
		C6A832786FE0633629D6CD8F /* Info.plist */ = {isa = PBXFileReference; lastKnownFileType = text.plist; path = Info.plist; sourceTree = "<group>"; };
		C90438E642C9DB17B9E93C5E /* ASRWorkerManager.swift */ = {isa = PBXFileReference; lastKnownFileType = sourcecode.swift; path = ASRWorkerManager.swift; sourceTree = "<group>"; };
		CAB428568E8CB9EDBC903B98 /* UpdaterService.swift */ = {isa = PBXFileReference; lastKnownFileType = sourcecode.swift; path = UpdaterService.swift; sourceTree = "<group>"; };
		CB2F6608A6960547A380E24C /* ModelManagerTests.swift */ = {isa = PBXFileReference; lastKnownFileType = sourcecode.swift; path = ModelManagerTests.swift; sourceTree = "<group>"; };
		CB81CB40CF9064760691C6C7 /* IntegrationTests.swift */ = {isa = PBXFileReference; lastKnownFileType = sourcecode.swift; path = IntegrationTests.swift; sourceTree = "<group>"; };
		CB90841FFAE7E688A03225F4 /* SoundManager.swift */ = {isa = PBXFileReference; lastKnownFileType = sourcecode.swift; path = SoundManager.swift; sourceTree = "<group>"; };
		CD3BCD3255FD1F71FCA3712D /* NetworkMonitor.swift */ = {isa = PBXFileReference; lastKnownFileType = sourcecode.swift; path = NetworkMonitor.swift; sourceTree = "<group>"; };
		DB050E6FFF7217B85AAEBEE7 /* NumberNormalizer.swift */ = {isa = PBXFileReference; lastKnownFileType = sourcecode.swift; path = NumberNormalizer.swift; sourceTree = "<group>"; };
		E12F46919C44581608FF2754 /* NSEventMonitoring.swift */ = {isa = PBXFileReference; lastKnownFileType = sourcecode.swift; path = NSEventMonitoring.swift; sourceTree = "<group>"; };
		E64E11D4EC2F364A550FA908 /* AppModeSettingsView.swift */ = {isa = PBXFileReference; lastKnownFileType = sourcecode.swift; path = AppModeSettingsView.swift; sourceTree = "<group>"; };
		EB727785EEBCB26D65D97D55 /* MetricsAggregator.swift */ = {isa = PBXFileReference; lastKnownFileType = sourcecode.swift; path = MetricsAggregator.swift; sourceTree = "<group>"; };
		F1D02F1E1A8BCDC4AFB58745 /* Govorun.entitlements */ = {isa = PBXFileReference; lastKnownFileType = text.plist.entitlements; path = Govorun.entitlements; sourceTree = "<group>"; };
		F97D327A570B838D45E53C2F /* GovorunApp.swift */ = {isa = PBXFileReference; lastKnownFileType = sourcecode.swift; path = GovorunApp.swift; sourceTree = "<group>"; };
		FA2A2E96A4B9712F25623F73 /* LLMRuntimeManager.swift */ = {isa = PBXFileReference; lastKnownFileType = sourcecode.swift; path = LLMRuntimeManager.swift; sourceTree = "<group>"; };
		FB9E75E47CE0306274578811 /* HistoryStore.swift */ = {isa = PBXFileReference; lastKnownFileType = sourcecode.swift; path = HistoryStore.swift; sourceTree = "<group>"; };
		FC5C8D4458CEE7320FA4E927 /* SnippetEngine.swift */ = {isa = PBXFileReference; lastKnownFileType = sourcecode.swift; path = SnippetEngine.swift; sourceTree = "<group>"; };
		FE09D3BD8E049A9FDC24C9B8 /* Govorun.app */ = {isa = PBXFileReference; explicitFileType = wrapper.application; includeInIndex = 0; path = Govorun.app; sourceTree = BUILT_PRODUCTS_DIR; };
/* End PBXFileReference section */

/* Begin PBXFrameworksBuildPhase section */
		212798335EA58590DD248213 /* Frameworks */ = {
			isa = PBXFrameworksBuildPhase;
			buildActionMask = 2147483647;
			files = (
				E14D2B724A5FE8DD6A9B03D8 /* Sparkle in Frameworks */,
			);
			runOnlyForDeploymentPostprocessing = 0;
		};
/* End PBXFrameworksBuildPhase section */

/* Begin PBXGroup section */
		0541E3786396068B96035120 /* Govorun */ = {
			isa = PBXGroup;
			children = (
				F1D02F1E1A8BCDC4AFB58745 /* Govorun.entitlements */,
				F97D327A570B838D45E53C2F /* GovorunApp.swift */,
				C6A832786FE0633629D6CD8F /* Info.plist */,
				42942F53D55CDBF094D4F762 /* App */,
				546636582B7F3EE4455C649C /* Core */,
				43DD099AFD26D34CC0AC9FEC /* Models */,
				B390EFC083B2A9982654689A /* Resources */,
				6FA1E50559E839D2CBE00196 /* Services */,
				F6ADBE82F7D1FFF216FFFEA4 /* Storage */,
				475A0CD0CC0EB8647090BC50 /* Views */,
			);
			path = Govorun;
			sourceTree = "<group>";
		};
		42942F53D55CDBF094D4F762 /* App */ = {
			isa = PBXGroup;
			children = (
				38F559BD4FEE533941FAA772 /* AppState.swift */,
				1C0ED1AA83B74290A6FA5747 /* AXTextInserter.swift */,
				1769F9A018C01A91A8D0DB7E /* BottomBarView.swift */,
				9F8464ACCC00B1211D9952C0 /* BottomBarWindow.swift */,
				E12F46919C44581608FF2754 /* NSEventMonitoring.swift */,
				3CAC5453AAC19CF9D41E3345 /* NSWorkspaceProvider.swift */,
				4F4A106D1A302C8BD2F46213 /* OnboardingWindowController.swift */,
				27A8CE6CEEE393DB1B285273 /* PostInsertionProviders.swift */,
				93342824A94E4C7C5819F577 /* SettingsWindowController.swift */,
				79A0A917EFD70238AEEAC3B4 /* StatusBarController.swift */,
				2AFD05A1075389C37AF5300C /* SystemSoundPlayer.swift */,
			);
			path = App;
			sourceTree = "<group>";
		};
		43DD099AFD26D34CC0AC9FEC /* Models */ = {
			isa = PBXGroup;
			children = (
				C11755056C78DA9A3DE181C0 /* .gitkeep */,
				8A46918EA766325EBB622716 /* ActivationKey.swift */,
				660D23FACE18F80A55D3C82A /* AnalyticsEvent.swift */,
				72433A58E521EA03EFA59F93 /* DictionaryEntry.swift */,
				1158BAB69D8698008A75A59D /* HistoryItem.swift */,
				17C1A1802EC7C6315CD3D81E /* RecordingMode.swift */,
				B9C1D6A76F016B9FB7B36935 /* Snippet.swift */,
				67E6ECD0CEBD7AC8C1D96F04 /* TextMode.swift */,
			);
			path = Models;
			sourceTree = "<group>";
		};
		475A0CD0CC0EB8647090BC50 /* Views */ = {
			isa = PBXGroup;
			children = (
				9BBD6E36B5D21F480F32BFF4 /* .gitkeep */,
				E64E11D4EC2F364A550FA908 /* AppModeSettingsView.swift */,
				35C1F7285CD1914934621B20 /* DictionaryView.swift */,
				47684C610847BC47C88AF60E /* HistoryView.swift */,
				1B06D37AD3899F3BF9EFDB26 /* KeyRecorderView.swift */,
				20CEC58BDC2D109BD603B2B3 /* OnboardingView.swift */,
				C663D82CA0B022162A4ECDF3 /* SettingsTheme.swift */,
				50430B6D9DD0A441AB071280 /* SettingsView.swift */,
				5E988A81074635153A409ADA /* SnippetListView.swift */,
			);
			path = Views;
			sourceTree = "<group>";
		};
		546636582B7F3EE4455C649C /* Core */ = {
			isa = PBXGroup;
			children = (
				9498F3ACC80B6F8983267F40 /* .gitkeep */,
				6BA4563898BC6D7ADB090F37 /* ActivationKeyMonitor.swift */,
				1DC7436290A2B2148B6328FD /* AnalyticsEmitting.swift */,
				198FB57335E38894C0501163 /* AppContextEngine.swift */,
				1DE479255B3DDF52CB631916 /* AudioCapture.swift */,
				76A73B6E246DDA1BE722F64C /* ErrorClassifier.swift */,
				634A6B60896D5BBAD1DDAD92 /* ErrorMessages.swift */,
				CD3BCD3255FD1F71FCA3712D /* NetworkMonitor.swift */,
				2E2695EC730AB72F2B7BFB44 /* NormalizationGate.swift */,
				C4CDCA9EBA069917D92F6F87 /* NormalizationPipeline.swift */,
				DB050E6FFF7217B85AAEBEE7 /* NumberNormalizer.swift */,
				AED17520D0D47BC3588CFB67 /* PipelineEngine.swift */,
				AD57F2CAF152D7085C5A219B /* PostInsertionMonitor.swift */,
				B4D1017293B730D9D1C9F495 /* SessionManager.swift */,
				FC5C8D4458CEE7320FA4E927 /* SnippetEngine.swift */,
				CB90841FFAE7E688A03225F4 /* SoundManager.swift */,
				AA98C22FFB16595EC0B8CDF5 /* TextInserter.swift */,
			);
			path = Core;
			sourceTree = "<group>";
		};
		6A74CAB785684CF26AEDEA84 = {
			isa = PBXGroup;
			children = (
				0541E3786396068B96035120 /* Govorun */,
				976C9C89623C770BE4367D56 /* GovorunTests */,
				A9270FDE8CB011E92A1AA1CE /* Products */,
			);
			sourceTree = "<group>";
		};
		6FA1E50559E839D2CBE00196 /* Services */ = {
			isa = PBXGroup;
			children = (
				1589E3B3A7D6D9FE9EE42786 /* .gitkeep */,
				BE9F32511E551D266CFDF3F7 /* AnalyticsService.swift */,
				C90438E642C9DB17B9E93C5E /* ASRWorkerManager.swift */,
				BC90482DBAA525B239F62162 /* LLMClient.swift */,
				FA2A2E96A4B9712F25623F73 /* LLMRuntimeManager.swift */,
				B0745E5BCB24ED07244850D1 /* LocalLLMClient.swift */,
				C59DE7257F806F9E09A929C0 /* LocalSTTClient.swift */,
				5E6D4ED123A08851E06D2D5D /* ModelManager.swift */,
				47F8F0738B63212E47D3BAF6 /* STTClient.swift */,
				CAB428568E8CB9EDBC903B98 /* UpdaterService.swift */,
			);
			path = Services;
			sourceTree = "<group>";
		};
		976C9C89623C770BE4367D56 /* GovorunTests */ = {
			isa = PBXGroup;
			children = (
				14BC63DADD871F4DF9302081 /* ActivationKeyMonitorTests.swift */,
				483F2A271357C95277A16408 /* ActivationKeyTests.swift */,
				1B3656D7EDE359C05C932457 /* AnalyticsServiceTests.swift */,
				655F0EF01C2FB9F10986606E /* AppContextEngineTests.swift */,
				984F69205A188CADA1507824 /* ASRWorkerManagerTests.swift */,
				672916E0D31E2F8955EBE517 /* AudioCaptureTests.swift */,
				1D697E8CF215D44A451EEB1C /* BottomBarTests.swift */,
				5D16B76304E26060516D195C /* ColdStartUITests.swift */,
				A9F7D20519E75AF7559513E5 /* DictionaryStoreTests.swift */,
				B6D2C91923A9C48C03C93C2F /* ErrorClassifierTests.swift */,
				520999CA027A9B517E78049F /* GovorunTests.swift */,
				84A33FF37715682CBBDB4BCD /* HistoryStoreTests.swift */,
				CB81CB40CF9064760691C6C7 /* IntegrationTests.swift */,
				21F85CB2E2580631F62D15B7 /* KeyRecorderTests.swift */,
				1AA155B90A01C4320FA056EB /* LLMRuntimeManagerTests.swift */,
				90B5AACB6D688C8440AACCF6 /* LocalLLMClientTests.swift */,
				878B2E8058F5C95D62643612 /* LocalSTTClientTests.swift */,
				B01CB9DB91032D9EABDDEACA /* MetricsAggregatorTests.swift */,
				CB2F6608A6960547A380E24C /* ModelManagerTests.swift */,
				9FCF0D5497E4FF297C0EDAA7 /* NormalizationGateTests.swift */,
				8CB577C4AAD81289814C2CA6 /* NormalizationPipelineTests.swift */,
				5F7496CFDD5C640E246C5590 /* NumberNormalizerTests.swift */,
				3D3F66ED66F0E696CCCA5DD0 /* PipelineEngineTests.swift */,
				27DDC5AB9A47F49BE8F9975D /* PolishTests.swift */,
				7573C6B8472D8D18193083BF /* PostInsertionMonitorTests.swift */,
				5343CEF90102BB3B8D7604CE /* RecordingModeTests.swift */,
				8F67F121D59B2796FF982947 /* RecreateMonitorTests.swift */,
				B68748E9E0E3719D440D0112 /* SessionManagerTests.swift */,
				82205E79E31BE890A24D4E94 /* SettingsStoreTests.swift */,
				6582CA06D85D4BA61305A6C9 /* SnippetEngineTests.swift */,
				14EC150EF61D8B4224B7760B /* SnippetReinserterTests.swift */,
				BBB2538D814837D958E44EEA /* TestHelpers.swift */,
				2CD55EC0D90E39D14564EEA1 /* TextInserterTests.swift */,
				07315ED04AA583753A76F33A /* ToggleRecoveryTests.swift */,
			);
			path = GovorunTests;
			sourceTree = "<group>";
		};
		A9270FDE8CB011E92A1AA1CE /* Products */ = {
			isa = PBXGroup;
			children = (
				FE09D3BD8E049A9FDC24C9B8 /* Govorun.app */,
				848A0EBC35622A1CF953DFF5 /* GovorunTests.xctest */,
			);
			name = Products;
			sourceTree = "<group>";
		};
		B390EFC083B2A9982654689A /* Resources */ = {
			isa = PBXGroup;
			children = (
				0EA5982DCC8B312490AE5A2F /* Assets.xcassets */,
				B500B1E07FA50A5D5210737F /* Sounds */,
			);
			path = Resources;
			sourceTree = "<group>";
		};
		B500B1E07FA50A5D5210737F /* Sounds */ = {
			isa = PBXGroup;
			children = (
				7AB80997F17B558B7A54DF5D /* .gitkeep */,
				1A742A82EFD665A655F4FED4 /* error.aiff */,
				150AF99CB7832D4F49B70FC1 /* recording_finished.aiff */,
				148054325828C9A63DFBF796 /* recording_started.aiff */,
			);
			path = Sounds;
			sourceTree = "<group>";
		};
		F6ADBE82F7D1FFF216FFFEA4 /* Storage */ = {
			isa = PBXGroup;
			children = (
				62948E1CC824F28BDB1F1057 /* .gitkeep */,
				84270394D16DBB31B135A577 /* AudioHistoryStorage.swift */,
				0E92DD6DD2BE366471D422EE /* DictionaryStore.swift */,
				FB9E75E47CE0306274578811 /* HistoryStore.swift */,
				EB727785EEBCB26D65D97D55 /* MetricsAggregator.swift */,
				1514760D48D91E336AB5C92D /* SettingsStore.swift */,
				1ACDDD81302F5A46531C5BD4 /* SnippetStore.swift */,
			);
			path = Storage;
			sourceTree = "<group>";
		};
/* End PBXGroup section */

/* Begin PBXNativeTarget section */
		11D5677379F214B6D824AD8B /* Govorun */ = {
			isa = PBXNativeTarget;
			buildConfigurationList = 391FBFE5D067217F72469E76 /* Build configuration list for PBXNativeTarget "Govorun" */;
			buildPhases = (
				3EAA675EA0DC57A70D9AA65E /* Sources */,
				633E4E492782FEB091A93FA9 /* Resources */,
				212798335EA58590DD248213 /* Frameworks */,
			);
			buildRules = (
			);
			dependencies = (
			);
			name = Govorun;
			packageProductDependencies = (
				38AFBC1A8F95C876F9E8513D /* Sparkle */,
			);
			productName = Govorun;
			productReference = FE09D3BD8E049A9FDC24C9B8 /* Govorun.app */;
			productType = "com.apple.product-type.application";
		};
		70A9D96B69BFC999AD5848CB /* GovorunTests */ = {
			isa = PBXNativeTarget;
			buildConfigurationList = C89AF5E643DBCE2067B08BEE /* Build configuration list for PBXNativeTarget "GovorunTests" */;
			buildPhases = (
				109B7A1E4CDDD0C20B9316F2 /* Sources */,
			);
			buildRules = (
			);
			dependencies = (
				B4BF5AB71CE96C396E37F312 /* PBXTargetDependency */,
			);
			name = GovorunTests;
			packageProductDependencies = (
			);
			productName = GovorunTests;
			productReference = 848A0EBC35622A1CF953DFF5 /* GovorunTests.xctest */;
			productType = "com.apple.product-type.bundle.unit-test";
		};
/* End PBXNativeTarget section */

/* Begin PBXProject section */
		6A63D15DFCB531D85C62DE71 /* Project object */ = {
			isa = PBXProject;
			attributes = {
				BuildIndependentTargetsInParallel = YES;
				LastUpgradeCheck = 1540;
				TargetAttributes = {
				};
			};
			buildConfigurationList = C5DC9318E3F53CA85823F95C /* Build configuration list for PBXProject "Govorun" */;
			developmentRegion = en;
			hasScannedForEncodings = 0;
			knownRegions = (
				Base,
				en,
			);
			mainGroup = 6A74CAB785684CF26AEDEA84;
			minimizedProjectReferenceProxies = 1;
			packageReferences = (
				DC511A0931789001E30BB87F /* XCRemoteSwiftPackageReference "Sparkle" */,
			);
			preferredProjectObjectVersion = 77;
			productRefGroup = A9270FDE8CB011E92A1AA1CE /* Products */;
			projectDirPath = "";
			projectRoot = "";
			targets = (
				11D5677379F214B6D824AD8B /* Govorun */,
				70A9D96B69BFC999AD5848CB /* GovorunTests */,
			);
		};
/* End PBXProject section */

/* Begin PBXResourcesBuildPhase section */
		633E4E492782FEB091A93FA9 /* Resources */ = {
			isa = PBXResourcesBuildPhase;
			buildActionMask = 2147483647;
			files = (
				78E90DAF70F0EF262C29F5D2 /* Assets.xcassets in Resources */,
				D47EB1C2313AC82E09B90097 /* error.aiff in Resources */,
				23D1C6303909695FC0D6B022 /* recording_finished.aiff in Resources */,
				B5584ECAF32F16B3F9FB9621 /* recording_started.aiff in Resources */,
			);
			runOnlyForDeploymentPostprocessing = 0;
		};
/* End PBXResourcesBuildPhase section */

/* Begin PBXSourcesBuildPhase section */
		109B7A1E4CDDD0C20B9316F2 /* Sources */ = {
			isa = PBXSourcesBuildPhase;
			buildActionMask = 2147483647;
			files = (
				7CB490EFC976063DAA19778B /* ASRWorkerManagerTests.swift in Sources */,
				0C8E29BC5E391368ED2AA60E /* ActivationKeyMonitorTests.swift in Sources */,
				40A6939C30752A2BF97B8377 /* ActivationKeyTests.swift in Sources */,
				70E53D1B1F395EC7C8DD1D24 /* AnalyticsServiceTests.swift in Sources */,
				ACB1EA981ADCDA756D6DEF31 /* AppContextEngineTests.swift in Sources */,
				CDB844CDC021072C6CBD73FA /* AudioCaptureTests.swift in Sources */,
				6347B82A3D8E5CC554193CF2 /* BottomBarTests.swift in Sources */,
				F4FD8C06B71C3F07AD21D14A /* ColdStartUITests.swift in Sources */,
				69953F146BDDE5F036CA8F59 /* DictionaryStoreTests.swift in Sources */,
				49A6900A2D5E8FA1F0CEAF0E /* ErrorClassifierTests.swift in Sources */,
				98DB996040D1E91158E31ADB /* GovorunTests.swift in Sources */,
				E7A614ACBCF2A4521F8C61C4 /* HistoryStoreTests.swift in Sources */,
				DEB0A853BAFC21E0ED56AD34 /* IntegrationTests.swift in Sources */,
				568D13772476EB57BE4FC33F /* KeyRecorderTests.swift in Sources */,
				2D09D416CED67DB3C4C0CCE3 /* LLMRuntimeManagerTests.swift in Sources */,
				540FAF0422C64BDFB0A042E9 /* LocalLLMClientTests.swift in Sources */,
				AE25387F72A1EB6957F05C3E /* LocalSTTClientTests.swift in Sources */,
				450232D47F3A0A4838F2674D /* MetricsAggregatorTests.swift in Sources */,
				21012316C8692E8A451DD1F5 /* ModelManagerTests.swift in Sources */,
				91721B57610A7D52B3B9DDD1 /* NormalizationGateTests.swift in Sources */,
				9636ABC23577A6FE901E4E12 /* NormalizationPipelineTests.swift in Sources */,
				15D01FE3B2F052C4DC418202 /* NumberNormalizerTests.swift in Sources */,
				EF9D0F118C9BF5B4F9C9FCB1 /* PipelineEngineTests.swift in Sources */,
				E75FFE6660AF5EFDD00EA402 /* PolishTests.swift in Sources */,
				53115ABB63B56EFA9F776C3B /* PostInsertionMonitorTests.swift in Sources */,
				2C4C386566D4D9BE2CA2A4F6 /* RecordingModeTests.swift in Sources */,
				1E1FD6A2A99EFCB82A38BFB0 /* RecreateMonitorTests.swift in Sources */,
				D4B2B7D904A7EA8A576F3C84 /* SessionManagerTests.swift in Sources */,
				FC0A9FD8679259CE7EA26939 /* SettingsStoreTests.swift in Sources */,
				D3D4942854CA2AAF272F3C83 /* SnippetEngineTests.swift in Sources */,
				67B89E95FEE2B417559E219B /* SnippetReinserterTests.swift in Sources */,
				E4ED1EDB43963426C3D473DE /* TestHelpers.swift in Sources */,
				97F580D6CA61AC67DA9BA975 /* TextInserterTests.swift in Sources */,
				2230B4B936B91F65AAD72B13 /* ToggleRecoveryTests.swift in Sources */,
			);
			runOnlyForDeploymentPostprocessing = 0;
		};
		3EAA675EA0DC57A70D9AA65E /* Sources */ = {
			isa = PBXSourcesBuildPhase;
			buildActionMask = 2147483647;
			files = (
				2A9054F9749C9B7FC0DCE40C /* ASRWorkerManager.swift in Sources */,
				C1068CAB0C6945A7CECC4D55 /* AXTextInserter.swift in Sources */,
				B3CDAFC3605703FF0EE9963A /* ActivationKey.swift in Sources */,
				329C781B200C00AA4F666DB3 /* ActivationKeyMonitor.swift in Sources */,
				F0CBFFF65957AC4E83447F7B /* AnalyticsEmitting.swift in Sources */,
				4E68AB7F65A30F08CB5E27AC /* AnalyticsEvent.swift in Sources */,
				6EFFA631DA5B67884424EC63 /* AnalyticsService.swift in Sources */,
				60A040F10BB9F91E0A68DF02 /* AppContextEngine.swift in Sources */,
				D3EF2288FC13A8C2E8FC2F38 /* AppModeSettingsView.swift in Sources */,
				487DA989DB48ED3F62A9F112 /* AppState.swift in Sources */,
				04A4B8EE6A9E17E43410ECDC /* AudioCapture.swift in Sources */,
				C76BDED141A6960DBB1AEE14 /* AudioHistoryStorage.swift in Sources */,
				6BC02699730346A87043C145 /* BottomBarView.swift in Sources */,
				573B4D83504F8BB5DAE4363A /* BottomBarWindow.swift in Sources */,
				E7A7591ACED3A7A23EED0B3D /* DictionaryEntry.swift in Sources */,
				D4926A5FB7B316111F3EBAAD /* DictionaryStore.swift in Sources */,
				CA19E0C16938C116846CB6B9 /* DictionaryView.swift in Sources */,
				83FEEE77656B23F564016A71 /* ErrorClassifier.swift in Sources */,
				B96C60D9DEA6209384FB98BB /* ErrorMessages.swift in Sources */,
				5BC8701610CF4DC796C4B2C2 /* GovorunApp.swift in Sources */,
				4484F8DADE0BC0A0BADA93EA /* HistoryItem.swift in Sources */,
				9AC2C85AE12704C8DD7204E7 /* HistoryStore.swift in Sources */,
				10B0022E67DCC9C546F62927 /* HistoryView.swift in Sources */,
				F49CF8ECE220D2FAD5CB3B56 /* KeyRecorderView.swift in Sources */,
				E2A97C83C0898298FF41D32F /* LLMClient.swift in Sources */,
				20BB242A09BBD3EB31B58E6C /* LLMRuntimeManager.swift in Sources */,
				F3D567B0D9B4099B1B508B04 /* LocalLLMClient.swift in Sources */,
				7734D3D574685AE387FFB483 /* LocalSTTClient.swift in Sources */,
				6BD3AF237A0777B7893D5151 /* MetricsAggregator.swift in Sources */,
				8A72778E769623F24747047F /* ModelManager.swift in Sources */,
				F77394C25280DEDD8DC82C38 /* NSEventMonitoring.swift in Sources */,
				73E9F0BACB4F6CA9F6032704 /* NSWorkspaceProvider.swift in Sources */,
				85E3D5B4B248B068EF02B025 /* NetworkMonitor.swift in Sources */,
				DAE1AF4419C5BCB53B1CAE83 /* NormalizationGate.swift in Sources */,
				14DE47343A59ABCCF28ADA53 /* NormalizationPipeline.swift in Sources */,
				EAFCA49DF7A7F3DC6231F8FD /* NumberNormalizer.swift in Sources */,
				2501576E415EFEA5B9398464 /* OnboardingView.swift in Sources */,
				08E097BC16B8F13DD54DB8FF /* OnboardingWindowController.swift in Sources */,
				F6106810514A2917E708498D /* PipelineEngine.swift in Sources */,
				BAF85F53E20D6993EFA3CD37 /* PostInsertionMonitor.swift in Sources */,
				8F1B93B45D12D0AEF339BDB6 /* PostInsertionProviders.swift in Sources */,
				C79E736BB6EBA4081601A10D /* RecordingMode.swift in Sources */,
				3DCE5E466C8F40CE1707F843 /* STTClient.swift in Sources */,
				A975BC7E1B494C362C92C5B6 /* SessionManager.swift in Sources */,
				57F0B5DDDD828348472B5AB2 /* SettingsStore.swift in Sources */,
				157A11B2D8A737A1AC1D8788 /* SettingsTheme.swift in Sources */,
				09728523C8C944517E0DADBC /* SettingsView.swift in Sources */,
				0D6897EE67FFCDF301CFC7C7 /* SettingsWindowController.swift in Sources */,
				8EBA361DC34ACBA17A737091 /* Snippet.swift in Sources */,
				8D6B55B397A319757853D4BC /* SnippetEngine.swift in Sources */,
				ECA6004900E23FEE889FF818 /* SnippetListView.swift in Sources */,
				D90DDD1FE3F19250E9F9F828 /* SnippetStore.swift in Sources */,
				3F444BD6693742BD5C5AB130 /* SoundManager.swift in Sources */,
				B78FCC92DE61D7BEE9B4C57E /* StatusBarController.swift in Sources */,
				1FDB718921A55566BB7BBDCD /* SystemSoundPlayer.swift in Sources */,
				74563C10626B4CD8615D33E7 /* TextInserter.swift in Sources */,
				EECC63EDC10CC90678F899DE /* TextMode.swift in Sources */,
				F9BF025DB6E845570FDE5DE4 /* UpdaterService.swift in Sources */,
			);
			runOnlyForDeploymentPostprocessing = 0;
		};
/* End PBXSourcesBuildPhase section */

/* Begin PBXTargetDependency section */
		B4BF5AB71CE96C396E37F312 /* PBXTargetDependency */ = {
			isa = PBXTargetDependency;
			target = 11D5677379F214B6D824AD8B /* Govorun */;
			targetProxy = B71BBEB62C0BAB02F23D8380 /* PBXContainerItemProxy */;
		};
/* End PBXTargetDependency section */

/* Begin XCBuildConfiguration section */
		27855FFABC247964F5E64DA4 /* Debug */ = {
			isa = XCBuildConfiguration;
			buildSettings = {
				ASSETCATALOG_COMPILER_APPICON_NAME = AppIcon;
				CODE_SIGN_ENTITLEMENTS = Govorun/Govorun.entitlements;
				COMBINE_HIDPI_IMAGES = YES;
				CURRENT_PROJECT_VERSION = 14;
				GENERATE_INFOPLIST_FILE = NO;
				INFOPLIST_FILE = Govorun/Info.plist;
				LD_RUNPATH_SEARCH_PATHS = (
					"$(inherited)",
					"@executable_path/../Frameworks",
				);
				MARKETING_VERSION = 0.1.14;
				PRODUCT_BUNDLE_IDENTIFIER = com.govorun.app;
				PRODUCT_NAME = Govorun;
				SDKROOT = macosx;
			};
			name = Debug;
		};
		850B386A55DE9977204E4F18 /* Release */ = {
			isa = XCBuildConfiguration;
			buildSettings = {
				ALWAYS_SEARCH_USER_PATHS = NO;
				CLANG_ANALYZER_NONNULL = YES;
				CLANG_ANALYZER_NUMBER_OBJECT_CONVERSION = YES_AGGRESSIVE;
				CLANG_CXX_LANGUAGE_STANDARD = "gnu++14";
				CLANG_CXX_LIBRARY = "libc++";
				CLANG_ENABLE_MODULES = YES;
				CLANG_ENABLE_OBJC_ARC = YES;
				CLANG_ENABLE_OBJC_WEAK = YES;
				CLANG_WARN_BLOCK_CAPTURE_AUTORELEASING = YES;
				CLANG_WARN_BOOL_CONVERSION = YES;
				CLANG_WARN_COMMA = YES;
				CLANG_WARN_CONSTANT_CONVERSION = YES;
				CLANG_WARN_DEPRECATED_OBJC_IMPLEMENTATIONS = YES;
				CLANG_WARN_DIRECT_OBJC_ISA_USAGE = YES_ERROR;
				CLANG_WARN_DOCUMENTATION_COMMENTS = YES;
				CLANG_WARN_EMPTY_BODY = YES;
				CLANG_WARN_ENUM_CONVERSION = YES;
				CLANG_WARN_INFINITE_RECURSION = YES;
				CLANG_WARN_INT_CONVERSION = YES;
				CLANG_WARN_NON_LITERAL_NULL_CONVERSION = YES;
				CLANG_WARN_OBJC_IMPLICIT_RETAIN_SELF = YES;
				CLANG_WARN_OBJC_LITERAL_CONVERSION = YES;
				CLANG_WARN_OBJC_ROOT_CLASS = YES_ERROR;
				CLANG_WARN_QUOTED_INCLUDE_IN_FRAMEWORK_HEADER = YES;
				CLANG_WARN_RANGE_LOOP_ANALYSIS = YES;
				CLANG_WARN_STRICT_PROTOTYPES = YES;
				CLANG_WARN_SUSPICIOUS_MOVE = YES;
				CLANG_WARN_UNGUARDED_AVAILABILITY = YES_AGGRESSIVE;
				CLANG_WARN_UNREACHABLE_CODE = YES;
				CLANG_WARN__DUPLICATE_METHOD_MATCH = YES;
				COPY_PHASE_STRIP = NO;
				DEBUG_INFORMATION_FORMAT = "dwarf-with-dsym";
				ENABLE_NS_ASSERTIONS = NO;
				ENABLE_STRICT_OBJC_MSGSEND = YES;
				GCC_C_LANGUAGE_STANDARD = gnu11;
				GCC_NO_COMMON_BLOCKS = YES;
				GCC_WARN_64_TO_32_BIT_CONVERSION = YES;
				GCC_WARN_ABOUT_RETURN_TYPE = YES_ERROR;
				GCC_WARN_UNDECLARED_SELECTOR = YES;
				GCC_WARN_UNINITIALIZED_AUTOS = YES_AGGRESSIVE;
				GCC_WARN_UNUSED_FUNCTION = YES;
				GCC_WARN_UNUSED_VARIABLE = YES;
				MACOSX_DEPLOYMENT_TARGET = 14.0;
				MTL_ENABLE_DEBUG_INFO = NO;
				MTL_FAST_MATH = YES;
				PRODUCT_NAME = "$(TARGET_NAME)";
				SDKROOT = macosx;
				SWIFT_COMPILATION_MODE = wholemodule;
				SWIFT_OPTIMIZATION_LEVEL = "-O";
				SWIFT_STRICT_CONCURRENCY = complete;
				SWIFT_VERSION = 5.10;
			};
			name = Release;
		};
		9B7FE7CF7B083BE5F53608BF /* Release */ = {
			isa = XCBuildConfiguration;
			buildSettings = {
				ASSETCATALOG_COMPILER_APPICON_NAME = AppIcon;
				CODE_SIGN_ENTITLEMENTS = Govorun/Govorun.entitlements;
				COMBINE_HIDPI_IMAGES = YES;
				CURRENT_PROJECT_VERSION = 14;
				GENERATE_INFOPLIST_FILE = NO;
				INFOPLIST_FILE = Govorun/Info.plist;
				LD_RUNPATH_SEARCH_PATHS = (
					"$(inherited)",
					"@executable_path/../Frameworks",
				);
				MARKETING_VERSION = 0.1.14;
				PRODUCT_BUNDLE_IDENTIFIER = com.govorun.app;
				PRODUCT_NAME = Govorun;
				SDKROOT = macosx;
			};
			name = Release;
		};
		AA4259037CBF21597BFB5BA4 /* Debug */ = {
			isa = XCBuildConfiguration;
			buildSettings = {
				ALWAYS_SEARCH_USER_PATHS = NO;
				CLANG_ANALYZER_NONNULL = YES;
				CLANG_ANALYZER_NUMBER_OBJECT_CONVERSION = YES_AGGRESSIVE;
				CLANG_CXX_LANGUAGE_STANDARD = "gnu++14";
				CLANG_CXX_LIBRARY = "libc++";
				CLANG_ENABLE_MODULES = YES;
				CLANG_ENABLE_OBJC_ARC = YES;
				CLANG_ENABLE_OBJC_WEAK = YES;
				CLANG_WARN_BLOCK_CAPTURE_AUTORELEASING = YES;
				CLANG_WARN_BOOL_CONVERSION = YES;
				CLANG_WARN_COMMA = YES;
				CLANG_WARN_CONSTANT_CONVERSION = YES;
				CLANG_WARN_DEPRECATED_OBJC_IMPLEMENTATIONS = YES;
				CLANG_WARN_DIRECT_OBJC_ISA_USAGE = YES_ERROR;
				CLANG_WARN_DOCUMENTATION_COMMENTS = YES;
				CLANG_WARN_EMPTY_BODY = YES;
				CLANG_WARN_ENUM_CONVERSION = YES;
				CLANG_WARN_INFINITE_RECURSION = YES;
				CLANG_WARN_INT_CONVERSION = YES;
				CLANG_WARN_NON_LITERAL_NULL_CONVERSION = YES;
				CLANG_WARN_OBJC_IMPLICIT_RETAIN_SELF = YES;
				CLANG_WARN_OBJC_LITERAL_CONVERSION = YES;
				CLANG_WARN_OBJC_ROOT_CLASS = YES_ERROR;
				CLANG_WARN_QUOTED_INCLUDE_IN_FRAMEWORK_HEADER = YES;
				CLANG_WARN_RANGE_LOOP_ANALYSIS = YES;
				CLANG_WARN_STRICT_PROTOTYPES = YES;
				CLANG_WARN_SUSPICIOUS_MOVE = YES;
				CLANG_WARN_UNGUARDED_AVAILABILITY = YES_AGGRESSIVE;
				CLANG_WARN_UNREACHABLE_CODE = YES;
				CLANG_WARN__DUPLICATE_METHOD_MATCH = YES;
				COPY_PHASE_STRIP = NO;
				DEBUG_INFORMATION_FORMAT = dwarf;
				ENABLE_STRICT_OBJC_MSGSEND = YES;
				ENABLE_TESTABILITY = YES;
				GCC_C_LANGUAGE_STANDARD = gnu11;
				GCC_DYNAMIC_NO_PIC = NO;
				GCC_NO_COMMON_BLOCKS = YES;
				GCC_OPTIMIZATION_LEVEL = 0;
				GCC_PREPROCESSOR_DEFINITIONS = (
					"$(inherited)",
					"DEBUG=1",
				);
				GCC_WARN_64_TO_32_BIT_CONVERSION = YES;
				GCC_WARN_ABOUT_RETURN_TYPE = YES_ERROR;
				GCC_WARN_UNDECLARED_SELECTOR = YES;
				GCC_WARN_UNINITIALIZED_AUTOS = YES_AGGRESSIVE;
				GCC_WARN_UNUSED_FUNCTION = YES;
				GCC_WARN_UNUSED_VARIABLE = YES;
				MACOSX_DEPLOYMENT_TARGET = 14.0;
				MTL_ENABLE_DEBUG_INFO = INCLUDE_SOURCE;
				MTL_FAST_MATH = YES;
				ONLY_ACTIVE_ARCH = YES;
				PRODUCT_NAME = "$(TARGET_NAME)";
				SDKROOT = macosx;
				SWIFT_ACTIVE_COMPILATION_CONDITIONS = DEBUG;
				SWIFT_OPTIMIZATION_LEVEL = "-Onone";
				SWIFT_STRICT_CONCURRENCY = complete;
				SWIFT_VERSION = 5.10;
			};
			name = Debug;
		};
		BDC92A167948971B85483541 /* Debug */ = {
			isa = XCBuildConfiguration;
			buildSettings = {
				BUNDLE_LOADER = "$(TEST_HOST)";
				COMBINE_HIDPI_IMAGES = YES;
				GENERATE_INFOPLIST_FILE = YES;
				LD_RUNPATH_SEARCH_PATHS = (
					"$(inherited)",
					"@executable_path/../Frameworks",
					"@loader_path/../Frameworks",
				);
				PRODUCT_BUNDLE_IDENTIFIER = com.govorun.app.tests;
				SDKROOT = macosx;
				TEST_HOST = "$(BUILT_PRODUCTS_DIR)/Govorun.app/Contents/MacOS/Govorun";
			};
			name = Debug;
		};
		C29C81AAB971275D014C4FCE /* Release */ = {
			isa = XCBuildConfiguration;
			buildSettings = {
				BUNDLE_LOADER = "$(TEST_HOST)";
				COMBINE_HIDPI_IMAGES = YES;
				GENERATE_INFOPLIST_FILE = YES;
				LD_RUNPATH_SEARCH_PATHS = (
					"$(inherited)",
					"@executable_path/../Frameworks",
					"@loader_path/../Frameworks",
				);
				PRODUCT_BUNDLE_IDENTIFIER = com.govorun.app.tests;
				SDKROOT = macosx;
				TEST_HOST = "$(BUILT_PRODUCTS_DIR)/Govorun.app/Contents/MacOS/Govorun";
			};
			name = Release;
		};
/* End XCBuildConfiguration section */

/* Begin XCConfigurationList section */
		391FBFE5D067217F72469E76 /* Build configuration list for PBXNativeTarget "Govorun" */ = {
			isa = XCConfigurationList;
			buildConfigurations = (
				27855FFABC247964F5E64DA4 /* Debug */,
				9B7FE7CF7B083BE5F53608BF /* Release */,
			);
			defaultConfigurationIsVisible = 0;
			defaultConfigurationName = Debug;
		};
		C5DC9318E3F53CA85823F95C /* Build configuration list for PBXProject "Govorun" */ = {
			isa = XCConfigurationList;
			buildConfigurations = (
				AA4259037CBF21597BFB5BA4 /* Debug */,
				850B386A55DE9977204E4F18 /* Release */,
			);
			defaultConfigurationIsVisible = 0;
			defaultConfigurationName = Debug;
		};
		C89AF5E643DBCE2067B08BEE /* Build configuration list for PBXNativeTarget "GovorunTests" */ = {
			isa = XCConfigurationList;
			buildConfigurations = (
				BDC92A167948971B85483541 /* Debug */,
				C29C81AAB971275D014C4FCE /* Release */,
			);
			defaultConfigurationIsVisible = 0;
			defaultConfigurationName = Debug;
		};
/* End XCConfigurationList section */

/* Begin XCRemoteSwiftPackageReference section */
		DC511A0931789001E30BB87F /* XCRemoteSwiftPackageReference "Sparkle" */ = {
			isa = XCRemoteSwiftPackageReference;
			repositoryURL = "https://github.com/sparkle-project/Sparkle";
			requirement = {
				kind = upToNextMajorVersion;
				minimumVersion = 2.7.2;
			};
		};
/* End XCRemoteSwiftPackageReference section */

/* Begin XCSwiftPackageProductDependency section */
		38AFBC1A8F95C876F9E8513D /* Sparkle */ = {
			isa = XCSwiftPackageProductDependency;
			package = DC511A0931789001E30BB87F /* XCRemoteSwiftPackageReference "Sparkle" */;
			productName = Sparkle;
		};
/* End XCSwiftPackageProductDependency section */
	};
	rootObject = 6A63D15DFCB531D85C62DE71 /* Project object */;
}
